<Solution>
  <Folder Name="/src/">
    <Project Path="src/Brokerage.Api/Brokerage.Api.csproj" />
    <Project Path="src/Brokerage.Application/Brokerage.Application.csproj" />
    <Project Path="src/Brokerage.Domain/Brokerage.Domain.csproj" />
    <Project Path="src/Brokerage.Infrastructure/Brokerage.Infrastructure.csproj" />
  </Folder>
  <Folder Name="/tests/">
    <Project Path="tests/Brokerage.Api.Tests/Brokerage.Api.Tests.csproj" />
    <Project Path="tests/Brokerage.Application.Tests/Brokerage.Application.Tests.csproj" />
  </Folder>
</Solution>
